// !$*UTF8*$!
{
	archiveVersion = 1;
	classes = {
	};
	objectVersion = 46;
	objects = {

/* Begin PBXBuildFile section */
		020F4F651E7AD938007D723B /* AppDelegate.swift in Sources */ = {isa = PBXBuildFile; fileRef = 020F4F641E7AD938007D723B /* AppDelegate.swift */; };
		020F4F671E7AD938007D723B /* GameViewController.swift in Sources */ = {isa = PBXBuildFile; fileRef = 020F4F661E7AD938007D723B /* GameViewController.swift */; };
		020F4F6A1E7AD938007D723B /* Main.storyboard in Resources */ = {isa = PBXBuildFile; fileRef = 020F4F681E7AD938007D723B /* Main.storyboard */; };
		020F4F6D1E7AD938007D723B /* LaunchScreen.storyboard in Resources */ = {isa = PBXBuildFile; fileRef = 020F4F6B1E7AD938007D723B /* LaunchScreen.storyboard */; };
		020F4F761E7AD938007D723B /* AppDelegate.swift in Sources */ = {isa = PBXBuildFile; fileRef = 020F4F751E7AD938007D723B /* AppDelegate.swift */; };
		020F4F781E7AD938007D723B /* GameViewController.swift in Sources */ = {isa = PBXBuildFile; fileRef = 020F4F771E7AD938007D723B /* GameViewController.swift */; };
		020F4F7B1E7AD938007D723B /* Main.storyboard in Resources */ = {isa = PBXBuildFile; fileRef = 020F4F791E7AD938007D723B /* Main.storyboard */; };
		020F4F841E7AD938007D723B /* AppDelegate.swift in Sources */ = {isa = PBXBuildFile; fileRef = 020F4F831E7AD938007D723B /* AppDelegate.swift */; };
		020F4F861E7AD938007D723B /* GameViewController.swift in Sources */ = {isa = PBXBuildFile; fileRef = 020F4F851E7AD938007D723B /* GameViewController.swift */; };
		020F4F891E7AD938007D723B /* Main.storyboard in Resources */ = {isa = PBXBuildFile; fileRef = 020F4F871E7AD938007D723B /* Main.storyboard */; };
		020F4F8B1E7AD938007D723B /* Actions.sks in Resources */ = {isa = PBXBuildFile; fileRef = 020F4F591E7AD938007D723B /* Actions.sks */; };
		020F4F8C1E7AD938007D723B /* Actions.sks in Resources */ = {isa = PBXBuildFile; fileRef = 020F4F591E7AD938007D723B /* Actions.sks */; };
		020F4F8D1E7AD938007D723B /* Actions.sks in Resources */ = {isa = PBXBuildFile; fileRef = 020F4F591E7AD938007D723B /* Actions.sks */; };
		020F4F8E1E7AD938007D723B /* GameScene.sks in Resources */ = {isa = PBXBuildFile; fileRef = 020F4F5A1E7AD938007D723B /* GameScene.sks */; };
		020F4F8F1E7AD938007D723B /* GameScene.sks in Resources */ = {isa = PBXBuildFile; fileRef = 020F4F5A1E7AD938007D723B /* GameScene.sks */; };
		020F4F901E7AD938007D723B /* GameScene.sks in Resources */ = {isa = PBXBuildFile; fileRef = 020F4F5A1E7AD938007D723B /* GameScene.sks */; };
		020F4F911E7AD938007D723B /* GameScene.swift in Sources */ = {isa = PBXBuildFile; fileRef = 020F4F5B1E7AD938007D723B /* GameScene.swift */; };
		020F4F921E7AD938007D723B /* GameScene.swift in Sources */ = {isa = PBXBuildFile; fileRef = 020F4F5B1E7AD938007D723B /* GameScene.swift */; };
		020F4F931E7AD938007D723B /* GameScene.swift in Sources */ = {isa = PBXBuildFile; fileRef = 020F4F5B1E7AD938007D723B /* GameScene.swift */; };
		020F4F941E7AD938007D723B /* Assets.xcassets in Resources */ = {isa = PBXBuildFile; fileRef = 020F4F5C1E7AD938007D723B /* Assets.xcassets */; };
		020F4F951E7AD938007D723B /* Assets.xcassets in Resources */ = {isa = PBXBuildFile; fileRef = 020F4F5C1E7AD938007D723B /* Assets.xcassets */; };
		020F4F961E7AD938007D723B /* Assets.xcassets in Resources */ = {isa = PBXBuildFile; fileRef = 020F4F5C1E7AD938007D723B /* Assets.xcassets */; };
		02630CD01E87C4E100D88F68 /* Storage.swift in Sources */ = {isa = PBXBuildFile; fileRef = 02630CCF1E87C4E100D88F68 /* Storage.swift */; };
		02630CD11E87C4E100D88F68 /* Storage.swift in Sources */ = {isa = PBXBuildFile; fileRef = 02630CCF1E87C4E100D88F68 /* Storage.swift */; };
		02630CD21E87C4E100D88F68 /* Storage.swift in Sources */ = {isa = PBXBuildFile; fileRef = 02630CCF1E87C4E100D88F68 /* Storage.swift */; };
		02630CD81E87CE2E00D88F68 /* Resource.swift in Sources */ = {isa = PBXBuildFile; fileRef = 02630CD71E87CE2E00D88F68 /* Resource.swift */; };
		02630CD91E87CE2E00D88F68 /* Resource.swift in Sources */ = {isa = PBXBuildFile; fileRef = 02630CD71E87CE2E00D88F68 /* Resource.swift */; };
		02630CDA1E87CE2E00D88F68 /* Resource.swift in Sources */ = {isa = PBXBuildFile; fileRef = 02630CD71E87CE2E00D88F68 /* Resource.swift */; };
		02B3956A1E7E8D5700E6476F /* Bot.swift in Sources */ = {isa = PBXBuildFile; fileRef = 02B395691E7E8D5700E6476F /* Bot.swift */; };
		02B3956B1E7E8D5700E6476F /* Bot.swift in Sources */ = {isa = PBXBuildFile; fileRef = 02B395691E7E8D5700E6476F /* Bot.swift */; };
		02B3956C1E7E8D5700E6476F /* Bot.swift in Sources */ = {isa = PBXBuildFile; fileRef = 02B395691E7E8D5700E6476F /* Bot.swift */; };
		02B395721E82792C00E6476F /* Rock.swift in Sources */ = {isa = PBXBuildFile; fileRef = 02B395711E82792C00E6476F /* Rock.swift */; };
		02B395731E82792C00E6476F /* Rock.swift in Sources */ = {isa = PBXBuildFile; fileRef = 02B395711E82792C00E6476F /* Rock.swift */; };
		02B395741E82792C00E6476F /* Rock.swift in Sources */ = {isa = PBXBuildFile; fileRef = 02B395711E82792C00E6476F /* Rock.swift */; };
		02BBB3291E8C6B1500F77DD8 /* bot.png in Resources */ = {isa = PBXBuildFile; fileRef = 02BBB3281E8C6B1500F77DD8 /* bot.png */; };
		02BBB32A1E8C6B2300F77DD8 /* bot.png in Resources */ = {isa = PBXBuildFile; fileRef = 02BBB3281E8C6B1500F77DD8 /* bot.png */; };
		02BBB32B1E8C6B2400F77DD8 /* bot.png in Resources */ = {isa = PBXBuildFile; fileRef = 02BBB3281E8C6B1500F77DD8 /* bot.png */; };
		CA7F90742504E2C2A4EE45FA /* ResourceComponent.swift in Sources */ = {isa = PBXBuildFile; fileRef = CA7F930C6C7B91B914AAFC98 /* ResourceComponent.swift */; };
		CA7F921436C8AD6A790CB151 /* FindingRock.swift in Sources */ = {isa = PBXBuildFile; fileRef = CA7F9E25BB2FBE060E2234CA /* FindingRock.swift */; };
		CA7F9305CD8DBFBAD3760FF3 /* ObstacleComponent.swift in Sources */ = {isa = PBXBuildFile; fileRef = CA7F9DC0E5B59B7E4B810E09 /* ObstacleComponent.swift */; };
		CA7F93FDB1F1117E3A15AE2C /* MovingToStorage.swift in Sources */ = {isa = PBXBuildFile; fileRef = CA7F9E6A47A9FBDC2B3A8257 /* MovingToStorage.swift */; };
		CA7F9413BEC0C90C71B71BE1 /* ExtractingFromRock.swift in Sources */ = {isa = PBXBuildFile; fileRef = CA7F9AD9266E8F2BCAA5D270 /* ExtractingFromRock.swift */; };
		CA7F94375A6BA4AAEDB73114 /* ResourceComponent.swift in Sources */ = {isa = PBXBuildFile; fileRef = CA7F930C6C7B91B914AAFC98 /* ResourceComponent.swift */; };
		CA7F943A452AAD407665BD17 /* SpriteComponent.swift in Sources */ = {isa = PBXBuildFile; fileRef = CA7F98891C1A541C092F6614 /* SpriteComponent.swift */; };
		CA7F956BEEA16B66E10C2953 /* ObstacleComponent.swift in Sources */ = {isa = PBXBuildFile; fileRef = CA7F9DC0E5B59B7E4B810E09 /* ObstacleComponent.swift */; };
		CA7F960661A82AC97B49B299 /* LabelComponent.swift in Sources */ = {isa = PBXBuildFile; fileRef = CA7F9A6DAFA2AF3BBA5C5DA0 /* LabelComponent.swift */; };
		CA7F9689550A10731A643585 /* MovementComponent.swift in Sources */ = {isa = PBXBuildFile; fileRef = CA7F98A5928170AC3D437C7E /* MovementComponent.swift */; };
		CA7F969EA218416357A34AFB /* MovementComponent.swift in Sources */ = {isa = PBXBuildFile; fileRef = CA7F98A5928170AC3D437C7E /* MovementComponent.swift */; };
		CA7F96DF35A7E461F6C57B48 /* ResourceComponent.swift in Sources */ = {isa = PBXBuildFile; fileRef = CA7F930C6C7B91B914AAFC98 /* ResourceComponent.swift */; };
		CA7F96E7CFB231A215CE4FA7 /* CommandHandler.swift in Sources */ = {isa = PBXBuildFile; fileRef = CA7F9A40BBF048976801E7C4 /* CommandHandler.swift */; };
		CA7F97362D80BCE2CF53CCF9 /* CommandComponent.swift in Sources */ = {isa = PBXBuildFile; fileRef = CA7F9865414983E54B578317 /* CommandComponent.swift */; };
		CA7F9870CECA7C6F5CDDD1B3 /* CommandHandler.swift in Sources */ = {isa = PBXBuildFile; fileRef = CA7F9A40BBF048976801E7C4 /* CommandHandler.swift */; };
		CA7F9876F3C8DF4D9092593E /* LabelComponent.swift in Sources */ = {isa = PBXBuildFile; fileRef = CA7F9A6DAFA2AF3BBA5C5DA0 /* LabelComponent.swift */; };
		CA7F9923D8B481D8AC326ABB /* ExtractingFromRock.swift in Sources */ = {isa = PBXBuildFile; fileRef = CA7F9AD9266E8F2BCAA5D270 /* ExtractingFromRock.swift */; };
		CA7F994B53176E14E7446D09 /* ObstacleComponent.swift in Sources */ = {isa = PBXBuildFile; fileRef = CA7F9DC0E5B59B7E4B810E09 /* ObstacleComponent.swift */; };
		CA7F999DC4A4309A8699660B /* MovingToStorage.swift in Sources */ = {isa = PBXBuildFile; fileRef = CA7F9E6A47A9FBDC2B3A8257 /* MovingToStorage.swift */; };
		CA7F9AB3E0172E1E1DFF525F /* FindingRock.swift in Sources */ = {isa = PBXBuildFile; fileRef = CA7F9E25BB2FBE060E2234CA /* FindingRock.swift */; };
		CA7F9B37BC6B5C127AF7BCE1 /* CommandComponent.swift in Sources */ = {isa = PBXBuildFile; fileRef = CA7F9865414983E54B578317 /* CommandComponent.swift */; };
		CA7F9B9B77F19165CA2FDA58 /* FindingStorage.swift in Sources */ = {isa = PBXBuildFile; fileRef = CA7F9685E1F9E92BFA8434F1 /* FindingStorage.swift */; };
		CA7F9BBF6A57D1DBEB395BEC /* MovementComponent.swift in Sources */ = {isa = PBXBuildFile; fileRef = CA7F98A5928170AC3D437C7E /* MovementComponent.swift */; };
		CA7F9C21E9FF14891DED2C72 /* ExtractingFromRock.swift in Sources */ = {isa = PBXBuildFile; fileRef = CA7F9AD9266E8F2BCAA5D270 /* ExtractingFromRock.swift */; };
		CA7F9CF78A559372FE0AC985 /* FindingStorage.swift in Sources */ = {isa = PBXBuildFile; fileRef = CA7F9685E1F9E92BFA8434F1 /* FindingStorage.swift */; };
		CA7F9D7C96284DECF0BB8572 /* FindingRock.swift in Sources */ = {isa = PBXBuildFile; fileRef = CA7F9E25BB2FBE060E2234CA /* FindingRock.swift */; };
		CA7F9DED775686E87128385E /* SpriteComponent.swift in Sources */ = {isa = PBXBuildFile; fileRef = CA7F98891C1A541C092F6614 /* SpriteComponent.swift */; };
		CA7F9E4A02B3815EB5FC1330 /* LabelComponent.swift in Sources */ = {isa = PBXBuildFile; fileRef = CA7F9A6DAFA2AF3BBA5C5DA0 /* LabelComponent.swift */; };
		CA7F9F051FC822B6E8B9B53B /* CommandHandler.swift in Sources */ = {isa = PBXBuildFile; fileRef = CA7F9A40BBF048976801E7C4 /* CommandHandler.swift */; };
		CA7F9F80985F7D61A2221E8D /* FindingStorage.swift in Sources */ = {isa = PBXBuildFile; fileRef = CA7F9685E1F9E92BFA8434F1 /* FindingStorage.swift */; };
		CA7F9FA1A7342CFC739B85AB /* MovingToStorage.swift in Sources */ = {isa = PBXBuildFile; fileRef = CA7F9E6A47A9FBDC2B3A8257 /* MovingToStorage.swift */; };
		CA7F9FA5A13DC394A6853711 /* SpriteComponent.swift in Sources */ = {isa = PBXBuildFile; fileRef = CA7F98891C1A541C092F6614 /* SpriteComponent.swift */; };
		CA7F9FBFFB79FE8B6EEEFE6B /* CommandComponent.swift in Sources */ = {isa = PBXBuildFile; fileRef = CA7F9865414983E54B578317 /* CommandComponent.swift */; };
/* End PBXBuildFile section */

/* Begin PBXFileReference section */
		020F4F591E7AD938007D723B /* Actions.sks */ = {isa = PBXFileReference; lastKnownFileType = file.sks; path = Actions.sks; sourceTree = "<group>"; };
		020F4F5A1E7AD938007D723B /* GameScene.sks */ = {isa = PBXFileReference; lastKnownFileType = file.sks; path = GameScene.sks; sourceTree = "<group>"; };
		020F4F5B1E7AD938007D723B /* GameScene.swift */ = {isa = PBXFileReference; lastKnownFileType = sourcecode.swift; path = GameScene.swift; sourceTree = "<group>"; };
		020F4F5C1E7AD938007D723B /* Assets.xcassets */ = {isa = PBXFileReference; lastKnownFileType = folder.assetcatalog; path = Assets.xcassets; sourceTree = "<group>"; };
		020F4F611E7AD938007D723B /* sim.app */ = {isa = PBXFileReference; explicitFileType = wrapper.application; includeInIndex = 0; path = sim.app; sourceTree = BUILT_PRODUCTS_DIR; };
		020F4F641E7AD938007D723B /* AppDelegate.swift */ = {isa = PBXFileReference; lastKnownFileType = sourcecode.swift; path = AppDelegate.swift; sourceTree = "<group>"; };
		020F4F661E7AD938007D723B /* GameViewController.swift */ = {isa = PBXFileReference; lastKnownFileType = sourcecode.swift; path = GameViewController.swift; sourceTree = "<group>"; };
		020F4F691E7AD938007D723B /* Base */ = {isa = PBXFileReference; lastKnownFileType = file.storyboard; name = Base; path = Base.lproj/Main.storyboard; sourceTree = "<group>"; };
		020F4F6C1E7AD938007D723B /* Base */ = {isa = PBXFileReference; lastKnownFileType = file.storyboard; name = Base; path = Base.lproj/LaunchScreen.storyboard; sourceTree = "<group>"; };
		020F4F6E1E7AD938007D723B /* Info.plist */ = {isa = PBXFileReference; lastKnownFileType = text.plist.xml; path = Info.plist; sourceTree = "<group>"; };
		020F4F731E7AD938007D723B /* sim.app */ = {isa = PBXFileReference; explicitFileType = wrapper.application; includeInIndex = 0; path = sim.app; sourceTree = BUILT_PRODUCTS_DIR; };
		020F4F751E7AD938007D723B /* AppDelegate.swift */ = {isa = PBXFileReference; lastKnownFileType = sourcecode.swift; path = AppDelegate.swift; sourceTree = "<group>"; };
		020F4F771E7AD938007D723B /* GameViewController.swift */ = {isa = PBXFileReference; lastKnownFileType = sourcecode.swift; path = GameViewController.swift; sourceTree = "<group>"; };
		020F4F7A1E7AD938007D723B /* Base */ = {isa = PBXFileReference; lastKnownFileType = file.storyboard; name = Base; path = Base.lproj/Main.storyboard; sourceTree = "<group>"; };
		020F4F7C1E7AD938007D723B /* Info.plist */ = {isa = PBXFileReference; lastKnownFileType = text.plist.xml; path = Info.plist; sourceTree = "<group>"; };
		020F4F811E7AD938007D723B /* sim.app */ = {isa = PBXFileReference; explicitFileType = wrapper.application; includeInIndex = 0; path = sim.app; sourceTree = BUILT_PRODUCTS_DIR; };
		020F4F831E7AD938007D723B /* AppDelegate.swift */ = {isa = PBXFileReference; lastKnownFileType = sourcecode.swift; path = AppDelegate.swift; sourceTree = "<group>"; };
		020F4F851E7AD938007D723B /* GameViewController.swift */ = {isa = PBXFileReference; lastKnownFileType = sourcecode.swift; path = GameViewController.swift; sourceTree = "<group>"; };
		020F4F881E7AD938007D723B /* Base */ = {isa = PBXFileReference; lastKnownFileType = file.storyboard; name = Base; path = Base.lproj/Main.storyboard; sourceTree = "<group>"; };
		020F4F8A1E7AD938007D723B /* Info.plist */ = {isa = PBXFileReference; lastKnownFileType = text.plist.xml; path = Info.plist; sourceTree = "<group>"; };
		02630CCF1E87C4E100D88F68 /* Storage.swift */ = {isa = PBXFileReference; fileEncoding = 4; lastKnownFileType = sourcecode.swift; path = Storage.swift; sourceTree = "<group>"; };
		02630CD71E87CE2E00D88F68 /* Resource.swift */ = {isa = PBXFileReference; fileEncoding = 4; lastKnownFileType = sourcecode.swift; path = Resource.swift; sourceTree = "<group>"; };
		02B395691E7E8D5700E6476F /* Bot.swift */ = {isa = PBXFileReference; fileEncoding = 4; lastKnownFileType = sourcecode.swift; path = Bot.swift; sourceTree = "<group>"; };
		02B395711E82792C00E6476F /* Rock.swift */ = {isa = PBXFileReference; fileEncoding = 4; lastKnownFileType = sourcecode.swift; path = Rock.swift; sourceTree = "<group>"; };
		02BBB3281E8C6B1500F77DD8 /* bot.png */ = {isa = PBXFileReference; lastKnownFileType = image.png; path = bot.png; sourceTree = "<group>"; };
		CA7F930C6C7B91B914AAFC98 /* ResourceComponent.swift */ = {isa = PBXFileReference; fileEncoding = 4; lastKnownFileType = sourcecode.swift; path = ResourceComponent.swift; sourceTree = "<group>"; };
		CA7F9685E1F9E92BFA8434F1 /* FindingStorage.swift */ = {isa = PBXFileReference; fileEncoding = 4; lastKnownFileType = sourcecode.swift; path = FindingStorage.swift; sourceTree = "<group>"; };
		CA7F9865414983E54B578317 /* CommandComponent.swift */ = {isa = PBXFileReference; fileEncoding = 4; lastKnownFileType = sourcecode.swift; path = CommandComponent.swift; sourceTree = "<group>"; };
		CA7F98891C1A541C092F6614 /* SpriteComponent.swift */ = {isa = PBXFileReference; fileEncoding = 4; lastKnownFileType = sourcecode.swift; path = SpriteComponent.swift; sourceTree = "<group>"; };
		CA7F98A5928170AC3D437C7E /* MovementComponent.swift */ = {isa = PBXFileReference; fileEncoding = 4; lastKnownFileType = sourcecode.swift; path = MovementComponent.swift; sourceTree = "<group>"; };
		CA7F9A40BBF048976801E7C4 /* CommandHandler.swift */ = {isa = PBXFileReference; fileEncoding = 4; lastKnownFileType = sourcecode.swift; path = CommandHandler.swift; sourceTree = "<group>"; };
		CA7F9A6DAFA2AF3BBA5C5DA0 /* LabelComponent.swift */ = {isa = PBXFileReference; fileEncoding = 4; lastKnownFileType = sourcecode.swift; path = LabelComponent.swift; sourceTree = "<group>"; };
		CA7F9AD9266E8F2BCAA5D270 /* ExtractingFromRock.swift */ = {isa = PBXFileReference; fileEncoding = 4; lastKnownFileType = sourcecode.swift; path = ExtractingFromRock.swift; sourceTree = "<group>"; };
		CA7F9DC0E5B59B7E4B810E09 /* ObstacleComponent.swift */ = {isa = PBXFileReference; fileEncoding = 4; lastKnownFileType = sourcecode.swift; path = ObstacleComponent.swift; sourceTree = "<group>"; };
		CA7F9E25BB2FBE060E2234CA /* FindingRock.swift */ = {isa = PBXFileReference; fileEncoding = 4; lastKnownFileType = sourcecode.swift; path = FindingRock.swift; sourceTree = "<group>"; };
		CA7F9E6A47A9FBDC2B3A8257 /* MovingToStorage.swift */ = {isa = PBXFileReference; fileEncoding = 4; lastKnownFileType = sourcecode.swift; path = MovingToStorage.swift; sourceTree = "<group>"; };
/* End PBXFileReference section */

/* Begin PBXFrameworksBuildPhase section */
		020F4F5E1E7AD938007D723B /* Frameworks */ = {
			isa = PBXFrameworksBuildPhase;
			buildActionMask = 2147483647;
			files = (
			);
			runOnlyForDeploymentPostprocessing = 0;
		};
		020F4F701E7AD938007D723B /* Frameworks */ = {
			isa = PBXFrameworksBuildPhase;
			buildActionMask = 2147483647;
			files = (
			);
			runOnlyForDeploymentPostprocessing = 0;
		};
		020F4F7E1E7AD938007D723B /* Frameworks */ = {
			isa = PBXFrameworksBuildPhase;
			buildActionMask = 2147483647;
			files = (
			);
			runOnlyForDeploymentPostprocessing = 0;
		};
/* End PBXFrameworksBuildPhase section */

/* Begin PBXGroup section */
		020F4F531E7AD938007D723B = {
			isa = PBXGroup;
			children = (
				020F4F581E7AD938007D723B /* Shared */,
				020F4F631E7AD938007D723B /* iOS */,
				020F4F741E7AD938007D723B /* tvOS */,
				020F4F821E7AD938007D723B /* macOS */,
				020F4F621E7AD938007D723B /* Products */,
			);
			sourceTree = "<group>";
		};
		020F4F581E7AD938007D723B /* Shared */ = {
			isa = PBXGroup;
			children = (
				02BBB3281E8C6B1500F77DD8 /* bot.png */,
				020F4F591E7AD938007D723B /* Actions.sks */,
				020F4F5A1E7AD938007D723B /* GameScene.sks */,
				020F4F5B1E7AD938007D723B /* GameScene.swift */,
				020F4F5C1E7AD938007D723B /* Assets.xcassets */,
				02B395691E7E8D5700E6476F /* Bot.swift */,
				02B395711E82792C00E6476F /* Rock.swift */,
				02630CCF1E87C4E100D88F68 /* Storage.swift */,
				02630CD71E87CE2E00D88F68 /* Resource.swift */,
				CA7F9E99CA319582B6DF46AE /* Components */,
				CA7F9A40BBF048976801E7C4 /* CommandHandler.swift */,
				CA7F9D91740D0C6AE5E9692A /* BotStates */,
			);
			path = Shared;
			sourceTree = "<group>";
		};
		020F4F621E7AD938007D723B /* Products */ = {
			isa = PBXGroup;
			children = (
				020F4F611E7AD938007D723B /* sim.app */,
				020F4F731E7AD938007D723B /* sim.app */,
				020F4F811E7AD938007D723B /* sim.app */,
			);
			name = Products;
			sourceTree = "<group>";
		};
		020F4F631E7AD938007D723B /* iOS */ = {
			isa = PBXGroup;
			children = (
				020F4F641E7AD938007D723B /* AppDelegate.swift */,
				020F4F661E7AD938007D723B /* GameViewController.swift */,
				020F4F681E7AD938007D723B /* Main.storyboard */,
				020F4F6B1E7AD938007D723B /* LaunchScreen.storyboard */,
				020F4F6E1E7AD938007D723B /* Info.plist */,
			);
			path = iOS;
			sourceTree = "<group>";
		};
		020F4F741E7AD938007D723B /* tvOS */ = {
			isa = PBXGroup;
			children = (
				020F4F751E7AD938007D723B /* AppDelegate.swift */,
				020F4F771E7AD938007D723B /* GameViewController.swift */,
				020F4F791E7AD938007D723B /* Main.storyboard */,
				020F4F7C1E7AD938007D723B /* Info.plist */,
			);
			path = tvOS;
			sourceTree = "<group>";
		};
		020F4F821E7AD938007D723B /* macOS */ = {
			isa = PBXGroup;
			children = (
				020F4F831E7AD938007D723B /* AppDelegate.swift */,
				020F4F851E7AD938007D723B /* GameViewController.swift */,
				020F4F871E7AD938007D723B /* Main.storyboard */,
				020F4F8A1E7AD938007D723B /* Info.plist */,
			);
			path = macOS;
			sourceTree = "<group>";
		};
		CA7F9D91740D0C6AE5E9692A /* BotStates */ = {
			isa = PBXGroup;
			children = (
				CA7F9E25BB2FBE060E2234CA /* FindingRock.swift */,
				CA7F9685E1F9E92BFA8434F1 /* FindingStorage.swift */,
				CA7F9AD9266E8F2BCAA5D270 /* ExtractingFromRock.swift */,
				CA7F9E6A47A9FBDC2B3A8257 /* MovingToStorage.swift */,
			);
			path = BotStates;
			sourceTree = "<group>";
		};
		CA7F9E99CA319582B6DF46AE /* Components */ = {
			isa = PBXGroup;
			children = (
				CA7F9A6DAFA2AF3BBA5C5DA0 /* LabelComponent.swift */,
				CA7F98A5928170AC3D437C7E /* MovementComponent.swift */,
				CA7F9DC0E5B59B7E4B810E09 /* ObstacleComponent.swift */,
				CA7F930C6C7B91B914AAFC98 /* ResourceComponent.swift */,
				CA7F98891C1A541C092F6614 /* SpriteComponent.swift */,
				CA7F9865414983E54B578317 /* CommandComponent.swift */,
			);
			path = Components;
			sourceTree = "<group>";
		};
/* End PBXGroup section */

/* Begin PBXNativeTarget section */
		020F4F601E7AD938007D723B /* iOS */ = {
			isa = PBXNativeTarget;
			buildConfigurationList = 020F4F991E7AD938007D723B /* Build configuration list for PBXNativeTarget "iOS" */;
			buildPhases = (
				020F4F5D1E7AD938007D723B /* Sources */,
				020F4F5E1E7AD938007D723B /* Frameworks */,
				020F4F5F1E7AD938007D723B /* Resources */,
			);
			buildRules = (
			);
			dependencies = (
			);
			name = iOS;
			productName = iOS;
			productReference = 020F4F611E7AD938007D723B /* sim.app */;
			productType = "com.apple.product-type.application";
		};
		020F4F721E7AD938007D723B /* tvOS */ = {
			isa = PBXNativeTarget;
			buildConfigurationList = 020F4F9C1E7AD938007D723B /* Build configuration list for PBXNativeTarget "tvOS" */;
			buildPhases = (
				020F4F6F1E7AD938007D723B /* Sources */,
				020F4F701E7AD938007D723B /* Frameworks */,
				020F4F711E7AD938007D723B /* Resources */,
			);
			buildRules = (
			);
			dependencies = (
			);
			name = tvOS;
			productName = tvOS;
			productReference = 020F4F731E7AD938007D723B /* sim.app */;
			productType = "com.apple.product-type.application";
		};
		020F4F801E7AD938007D723B /* macOS */ = {
			isa = PBXNativeTarget;
			buildConfigurationList = 020F4F9F1E7AD938007D723B /* Build configuration list for PBXNativeTarget "macOS" */;
			buildPhases = (
				020F4F7D1E7AD938007D723B /* Sources */,
				020F4F7E1E7AD938007D723B /* Frameworks */,
				020F4F7F1E7AD938007D723B /* Resources */,
			);
			buildRules = (
			);
			dependencies = (
			);
			name = macOS;
			productName = macOS;
			productReference = 020F4F811E7AD938007D723B /* sim.app */;
			productType = "com.apple.product-type.application";
		};
/* End PBXNativeTarget section */

/* Begin PBXProject section */
		020F4F541E7AD938007D723B /* Project object */ = {
			isa = PBXProject;
			attributes = {
				LastSwiftUpdateCheck = 0820;
				LastUpgradeCheck = 0820;
				ORGANIZATIONNAME = "Snorri Sturluson";
				TargetAttributes = {
					020F4F601E7AD938007D723B = {
						CreatedOnToolsVersion = 8.2.1;
						DevelopmentTeam = 7HH95Z784A;
						ProvisioningStyle = Automatic;
					};
					020F4F721E7AD938007D723B = {
						CreatedOnToolsVersion = 8.2.1;
						DevelopmentTeam = 7HH95Z784A;
						ProvisioningStyle = Automatic;
					};
					020F4F801E7AD938007D723B = {
						CreatedOnToolsVersion = 8.2.1;
						DevelopmentTeam = 7HH95Z784A;
						ProvisioningStyle = Automatic;
					};
				};
			};
			buildConfigurationList = 020F4F571E7AD938007D723B /* Build configuration list for PBXProject "sim" */;
			compatibilityVersion = "Xcode 3.2";
			developmentRegion = English;
			hasScannedForEncodings = 0;
			knownRegions = (
				en,
				Base,
			);
			mainGroup = 020F4F531E7AD938007D723B;
			productRefGroup = 020F4F621E7AD938007D723B /* Products */;
			projectDirPath = "";
			projectRoot = "";
			targets = (
				020F4F601E7AD938007D723B /* iOS */,
				020F4F721E7AD938007D723B /* tvOS */,
				020F4F801E7AD938007D723B /* macOS */,
			);
		};
/* End PBXProject section */

/* Begin PBXResourcesBuildPhase section */
		020F4F5F1E7AD938007D723B /* Resources */ = {
			isa = PBXResourcesBuildPhase;
			buildActionMask = 2147483647;
			files = (
				020F4F8E1E7AD938007D723B /* GameScene.sks in Resources */,
				020F4F6A1E7AD938007D723B /* Main.storyboard in Resources */,
				020F4F8B1E7AD938007D723B /* Actions.sks in Resources */,
				02BBB3291E8C6B1500F77DD8 /* bot.png in Resources */,
				020F4F6D1E7AD938007D723B /* LaunchScreen.storyboard in Resources */,
				020F4F941E7AD938007D723B /* Assets.xcassets in Resources */,
			);
			runOnlyForDeploymentPostprocessing = 0;
		};
		020F4F711E7AD938007D723B /* Resources */ = {
			isa = PBXResourcesBuildPhase;
			buildActionMask = 2147483647;
			files = (
				020F4F7B1E7AD938007D723B /* Main.storyboard in Resources */,
				02BBB32A1E8C6B2300F77DD8 /* bot.png in Resources */,
				020F4F8F1E7AD938007D723B /* GameScene.sks in Resources */,
				020F4F951E7AD938007D723B /* Assets.xcassets in Resources */,
				020F4F8C1E7AD938007D723B /* Actions.sks in Resources */,
			);
			runOnlyForDeploymentPostprocessing = 0;
		};
		020F4F7F1E7AD938007D723B /* Resources */ = {
			isa = PBXResourcesBuildPhase;
			buildActionMask = 2147483647;
			files = (
				020F4F891E7AD938007D723B /* Main.storyboard in Resources */,
				02BBB32B1E8C6B2400F77DD8 /* bot.png in Resources */,
				020F4F901E7AD938007D723B /* GameScene.sks in Resources */,
				020F4F961E7AD938007D723B /* Assets.xcassets in Resources */,
				020F4F8D1E7AD938007D723B /* Actions.sks in Resources */,
			);
			runOnlyForDeploymentPostprocessing = 0;
		};
/* End PBXResourcesBuildPhase section */

/* Begin PBXSourcesBuildPhase section */
		020F4F5D1E7AD938007D723B /* Sources */ = {
			isa = PBXSourcesBuildPhase;
			buildActionMask = 2147483647;
			files = (
				02B395721E82792C00E6476F /* Rock.swift in Sources */,
				020F4F911E7AD938007D723B /* GameScene.swift in Sources */,
				02B3956A1E7E8D5700E6476F /* Bot.swift in Sources */,
				020F4F671E7AD938007D723B /* GameViewController.swift in Sources */,
				02630CD81E87CE2E00D88F68 /* Resource.swift in Sources */,
				020F4F651E7AD938007D723B /* AppDelegate.swift in Sources */,
				02630CD01E87C4E100D88F68 /* Storage.swift in Sources */,
				CA7F9876F3C8DF4D9092593E /* LabelComponent.swift in Sources */,
				CA7F9689550A10731A643585 /* MovementComponent.swift in Sources */,
				CA7F956BEEA16B66E10C2953 /* ObstacleComponent.swift in Sources */,
				CA7F96DF35A7E461F6C57B48 /* ResourceComponent.swift in Sources */,
				CA7F943A452AAD407665BD17 /* SpriteComponent.swift in Sources */,
				CA7F9B37BC6B5C127AF7BCE1 /* CommandComponent.swift in Sources */,
				CA7F9F051FC822B6E8B9B53B /* CommandHandler.swift in Sources */,
				CA7F9D7C96284DECF0BB8572 /* FindingRock.swift in Sources */,
				CA7F9B9B77F19165CA2FDA58 /* FindingStorage.swift in Sources */,
				CA7F9C21E9FF14891DED2C72 /* ExtractingFromRock.swift in Sources */,
				CA7F93FDB1F1117E3A15AE2C /* MovingToStorage.swift in Sources */,
			);
			runOnlyForDeploymentPostprocessing = 0;
		};
		020F4F6F1E7AD938007D723B /* Sources */ = {
			isa = PBXSourcesBuildPhase;
			buildActionMask = 2147483647;
			files = (
				02B395731E82792C00E6476F /* Rock.swift in Sources */,
				020F4F921E7AD938007D723B /* GameScene.swift in Sources */,
				02B3956B1E7E8D5700E6476F /* Bot.swift in Sources */,
				020F4F781E7AD938007D723B /* GameViewController.swift in Sources */,
				02630CD91E87CE2E00D88F68 /* Resource.swift in Sources */,
				020F4F761E7AD938007D723B /* AppDelegate.swift in Sources */,
				02630CD11E87C4E100D88F68 /* Storage.swift in Sources */,
				CA7F960661A82AC97B49B299 /* LabelComponent.swift in Sources */,
				CA7F969EA218416357A34AFB /* MovementComponent.swift in Sources */,
				CA7F994B53176E14E7446D09 /* ObstacleComponent.swift in Sources */,
				CA7F94375A6BA4AAEDB73114 /* ResourceComponent.swift in Sources */,
				CA7F9DED775686E87128385E /* SpriteComponent.swift in Sources */,
				CA7F9FBFFB79FE8B6EEEFE6B /* CommandComponent.swift in Sources */,
				CA7F96E7CFB231A215CE4FA7 /* CommandHandler.swift in Sources */,
				CA7F921436C8AD6A790CB151 /* FindingRock.swift in Sources */,
				CA7F9F80985F7D61A2221E8D /* FindingStorage.swift in Sources */,
				CA7F9413BEC0C90C71B71BE1 /* ExtractingFromRock.swift in Sources */,
				CA7F999DC4A4309A8699660B /* MovingToStorage.swift in Sources */,
			);
			runOnlyForDeploymentPostprocessing = 0;
		};
		020F4F7D1E7AD938007D723B /* Sources */ = {
			isa = PBXSourcesBuildPhase;
			buildActionMask = 2147483647;
			files = (
				02B395741E82792C00E6476F /* Rock.swift in Sources */,
				020F4F931E7AD938007D723B /* GameScene.swift in Sources */,
				02B3956C1E7E8D5700E6476F /* Bot.swift in Sources */,
				020F4F861E7AD938007D723B /* GameViewController.swift in Sources */,
				02630CDA1E87CE2E00D88F68 /* Resource.swift in Sources */,
				020F4F841E7AD938007D723B /* AppDelegate.swift in Sources */,
				02630CD21E87C4E100D88F68 /* Storage.swift in Sources */,
				CA7F9E4A02B3815EB5FC1330 /* LabelComponent.swift in Sources */,
				CA7F9BBF6A57D1DBEB395BEC /* MovementComponent.swift in Sources */,
				CA7F9305CD8DBFBAD3760FF3 /* ObstacleComponent.swift in Sources */,
				CA7F90742504E2C2A4EE45FA /* ResourceComponent.swift in Sources */,
				CA7F9FA5A13DC394A6853711 /* SpriteComponent.swift in Sources */,
				CA7F97362D80BCE2CF53CCF9 /* CommandComponent.swift in Sources */,
				CA7F9870CECA7C6F5CDDD1B3 /* CommandHandler.swift in Sources */,
				CA7F9AB3E0172E1E1DFF525F /* FindingRock.swift in Sources */,
				CA7F9CF78A559372FE0AC985 /* FindingStorage.swift in Sources */,
				CA7F9923D8B481D8AC326ABB /* ExtractingFromRock.swift in Sources */,
				CA7F9FA1A7342CFC739B85AB /* MovingToStorage.swift in Sources */,
			);
			runOnlyForDeploymentPostprocessing = 0;
		};
/* End PBXSourcesBuildPhase section */

/* Begin PBXVariantGroup section */
		020F4F681E7AD938007D723B /* Main.storyboard */ = {
			isa = PBXVariantGroup;
			children = (
				020F4F691E7AD938007D723B /* Base */,
			);
			name = Main.storyboard;
			sourceTree = "<group>";
		};
		020F4F6B1E7AD938007D723B /* LaunchScreen.storyboard */ = {
			isa = PBXVariantGroup;
			children = (
				020F4F6C1E7AD938007D723B /* Base */,
			);
			name = LaunchScreen.storyboard;
			sourceTree = "<group>";
		};
		020F4F791E7AD938007D723B /* Main.storyboard */ = {
			isa = PBXVariantGroup;
			children = (
				020F4F7A1E7AD938007D723B /* Base */,
			);
			name = Main.storyboard;
			sourceTree = "<group>";
		};
		020F4F871E7AD938007D723B /* Main.storyboard */ = {
			isa = PBXVariantGroup;
			children = (
				020F4F881E7AD938007D723B /* Base */,
			);
			name = Main.storyboard;
			sourceTree = "<group>";
		};
/* End PBXVariantGroup section */

/* Begin XCBuildConfiguration section */
		020F4F971E7AD938007D723B /* Debug */ = {
			isa = XCBuildConfiguration;
			buildSettings = {
				ALWAYS_SEARCH_USER_PATHS = NO;
				CLANG_ANALYZER_NONNULL = YES;
				CLANG_CXX_LANGUAGE_STANDARD = "gnu++0x";
				CLANG_CXX_LIBRARY = "libc++";
				CLANG_ENABLE_MODULES = YES;
				CLANG_ENABLE_OBJC_ARC = YES;
				CLANG_WARN_BOOL_CONVERSION = YES;
				CLANG_WARN_CONSTANT_CONVERSION = YES;
				CLANG_WARN_DIRECT_OBJC_ISA_USAGE = YES_ERROR;
				CLANG_WARN_DOCUMENTATION_COMMENTS = YES;
				CLANG_WARN_EMPTY_BODY = YES;
				CLANG_WARN_ENUM_CONVERSION = YES;
				CLANG_WARN_INFINITE_RECURSION = YES;
				CLANG_WARN_INT_CONVERSION = YES;
				CLANG_WARN_OBJC_ROOT_CLASS = YES_ERROR;
				CLANG_WARN_SUSPICIOUS_MOVE = YES;
				CLANG_WARN_UNREACHABLE_CODE = YES;
				CLANG_WARN__DUPLICATE_METHOD_MATCH = YES;
				COPY_PHASE_STRIP = NO;
				DEBUG_INFORMATION_FORMAT = dwarf;
				ENABLE_STRICT_OBJC_MSGSEND = YES;
				ENABLE_TESTABILITY = YES;
				GCC_C_LANGUAGE_STANDARD = gnu99;
				GCC_DYNAMIC_NO_PIC = NO;
				GCC_NO_COMMON_BLOCKS = YES;
				GCC_OPTIMIZATION_LEVEL = 0;
				GCC_PREPROCESSOR_DEFINITIONS = (
					"DEBUG=1",
					"$(inherited)",
				);
				GCC_WARN_64_TO_32_BIT_CONVERSION = YES;
				GCC_WARN_ABOUT_RETURN_TYPE = YES_ERROR;
				GCC_WARN_UNDECLARED_SELECTOR = YES;
				GCC_WARN_UNINITIALIZED_AUTOS = YES_AGGRESSIVE;
				GCC_WARN_UNUSED_FUNCTION = YES;
				GCC_WARN_UNUSED_VARIABLE = YES;
				MTL_ENABLE_DEBUG_INFO = YES;
				ONLY_ACTIVE_ARCH = YES;
				SWIFT_ACTIVE_COMPILATION_CONDITIONS = DEBUG;
				SWIFT_OPTIMIZATION_LEVEL = "-Onone";
			};
			name = Debug;
		};
		020F4F981E7AD938007D723B /* Release */ = {
			isa = XCBuildConfiguration;
			buildSettings = {
				ALWAYS_SEARCH_USER_PATHS = NO;
				CLANG_ANALYZER_NONNULL = YES;
				CLANG_CXX_LANGUAGE_STANDARD = "gnu++0x";
				CLANG_CXX_LIBRARY = "libc++";
				CLANG_ENABLE_MODULES = YES;
				CLANG_ENABLE_OBJC_ARC = YES;
				CLANG_WARN_BOOL_CONVERSION = YES;
				CLANG_WARN_CONSTANT_CONVERSION = YES;
				CLANG_WARN_DIRECT_OBJC_ISA_USAGE = YES_ERROR;
				CLANG_WARN_DOCUMENTATION_COMMENTS = YES;
				CLANG_WARN_EMPTY_BODY = YES;
				CLANG_WARN_ENUM_CONVERSION = YES;
				CLANG_WARN_INFINITE_RECURSION = YES;
				CLANG_WARN_INT_CONVERSION = YES;
				CLANG_WARN_OBJC_ROOT_CLASS = YES_ERROR;
				CLANG_WARN_SUSPICIOUS_MOVE = YES;
				CLANG_WARN_UNREACHABLE_CODE = YES;
				CLANG_WARN__DUPLICATE_METHOD_MATCH = YES;
				COPY_PHASE_STRIP = NO;
				DEBUG_INFORMATION_FORMAT = "dwarf-with-dsym";
				ENABLE_NS_ASSERTIONS = NO;
				ENABLE_STRICT_OBJC_MSGSEND = YES;
				GCC_C_LANGUAGE_STANDARD = gnu99;
				GCC_NO_COMMON_BLOCKS = YES;
				GCC_WARN_64_TO_32_BIT_CONVERSION = YES;
				GCC_WARN_ABOUT_RETURN_TYPE = YES_ERROR;
				GCC_WARN_UNDECLARED_SELECTOR = YES;
				GCC_WARN_UNINITIALIZED_AUTOS = YES_AGGRESSIVE;
				GCC_WARN_UNUSED_FUNCTION = YES;
				GCC_WARN_UNUSED_VARIABLE = YES;
				MTL_ENABLE_DEBUG_INFO = NO;
				SWIFT_OPTIMIZATION_LEVEL = "-Owholemodule";
			};
			name = Release;
		};
		020F4F9A1E7AD938007D723B /* Debug */ = {
			isa = XCBuildConfiguration;
			buildSettings = {
				ASSETCATALOG_COMPILER_APPICON_NAME = AppIcon;
				"CODE_SIGN_IDENTITY[sdk=iphoneos*]" = "iPhone Developer";
				DEVELOPMENT_TEAM = 7HH95Z784A;
				INFOPLIST_FILE = iOS/Info.plist;
				IPHONEOS_DEPLOYMENT_TARGET = 10.2;
				LD_RUNPATH_SEARCH_PATHS = "$(inherited) @executable_path/Frameworks";
				PRODUCT_BUNDLE_IDENTIFIER = com.snorrisoft.sim;
				PRODUCT_NAME = sim;
				SDKROOT = iphoneos;
				SWIFT_VERSION = 3.0;
				TARGETED_DEVICE_FAMILY = "1,2";
			};
			name = Debug;
		};
		020F4F9B1E7AD938007D723B /* Release */ = {
			isa = XCBuildConfiguration;
			buildSettings = {
				ASSETCATALOG_COMPILER_APPICON_NAME = AppIcon;
				"CODE_SIGN_IDENTITY[sdk=iphoneos*]" = "iPhone Developer";
				DEVELOPMENT_TEAM = 7HH95Z784A;
				INFOPLIST_FILE = iOS/Info.plist;
				IPHONEOS_DEPLOYMENT_TARGET = 10.2;
				LD_RUNPATH_SEARCH_PATHS = "$(inherited) @executable_path/Frameworks";
				PRODUCT_BUNDLE_IDENTIFIER = com.snorrisoft.sim;
				PRODUCT_NAME = sim;
				SDKROOT = iphoneos;
				SWIFT_VERSION = 3.0;
				TARGETED_DEVICE_FAMILY = "1,2";
				VALIDATE_PRODUCT = YES;
			};
			name = Release;
		};
		020F4F9D1E7AD938007D723B /* Debug */ = {
			isa = XCBuildConfiguration;
			buildSettings = {
				ASSETCATALOG_COMPILER_APPICON_NAME = "tvOS App Icon & Top Shelf Image";
				ASSETCATALOG_COMPILER_LAUNCHIMAGE_NAME = "tvOS LaunchImage";
				DEVELOPMENT_TEAM = 7HH95Z784A;
				INFOPLIST_FILE = tvOS/Info.plist;
				LD_RUNPATH_SEARCH_PATHS = "$(inherited) @executable_path/Frameworks";
				PRODUCT_BUNDLE_IDENTIFIER = com.snorrisoft.sim;
				PRODUCT_NAME = sim;
				SDKROOT = appletvos;
				SWIFT_VERSION = 3.0;
				TVOS_DEPLOYMENT_TARGET = 10.1;
			};
			name = Debug;
		};
		020F4F9E1E7AD938007D723B /* Release */ = {
			isa = XCBuildConfiguration;
			buildSettings = {
				ASSETCATALOG_COMPILER_APPICON_NAME = "tvOS App Icon & Top Shelf Image";
				ASSETCATALOG_COMPILER_LAUNCHIMAGE_NAME = "tvOS LaunchImage";
				DEVELOPMENT_TEAM = 7HH95Z784A;
				INFOPLIST_FILE = tvOS/Info.plist;
				LD_RUNPATH_SEARCH_PATHS = "$(inherited) @executable_path/Frameworks";
				PRODUCT_BUNDLE_IDENTIFIER = com.snorrisoft.sim;
				PRODUCT_NAME = sim;
				SDKROOT = appletvos;
				SWIFT_VERSION = 3.0;
				TVOS_DEPLOYMENT_TARGET = 10.1;
				VALIDATE_PRODUCT = YES;
			};
			name = Release;
		};
		020F4FA01E7AD938007D723B /* Debug */ = {
			isa = XCBuildConfiguration;
			buildSettings = {
				ASSETCATALOG_COMPILER_APPICON_NAME = AppIcon;
				CODE_SIGN_IDENTITY = "Mac Developer";
				COMBINE_HIDPI_IMAGES = YES;
				DEVELOPMENT_TEAM = 7HH95Z784A;
				INFOPLIST_FILE = macOS/Info.plist;
				LD_RUNPATH_SEARCH_PATHS = "$(inherited) @executable_path/../Frameworks";
				MACOSX_DEPLOYMENT_TARGET = 10.12;
				PRODUCT_BUNDLE_IDENTIFIER = com.snorrisoft.sim;
				PRODUCT_NAME = sim;
				SDKROOT = macosx;
				SWIFT_VERSION = 3.0;
			};
			name = Debug;
		};
		020F4FA11E7AD938007D723B /* Release */ = {
			isa = XCBuildConfiguration;
			buildSettings = {
				ASSETCATALOG_COMPILER_APPICON_NAME = AppIcon;
				CODE_SIGN_IDENTITY = "Mac Developer";
				COMBINE_HIDPI_IMAGES = YES;
				DEVELOPMENT_TEAM = 7HH95Z784A;
				INFOPLIST_FILE = macOS/Info.plist;
				LD_RUNPATH_SEARCH_PATHS = "$(inherited) @executable_path/../Frameworks";
				MACOSX_DEPLOYMENT_TARGET = 10.12;
				PRODUCT_BUNDLE_IDENTIFIER = com.snorrisoft.sim;
				PRODUCT_NAME = sim;
				SDKROOT = macosx;
				SWIFT_VERSION = 3.0;
			};
			name = Release;
		};
/* End XCBuildConfiguration section */

/* Begin XCConfigurationList section */
		020F4F571E7AD938007D723B /* Build configuration list for PBXProject "sim" */ = {
			isa = XCConfigurationList;
			buildConfigurations = (
				020F4F971E7AD938007D723B /* Debug */,
				020F4F981E7AD938007D723B /* Release */,
			);
			defaultConfigurationIsVisible = 0;
			defaultConfigurationName = Release;
		};
		020F4F991E7AD938007D723B /* Build configuration list for PBXNativeTarget "iOS" */ = {
			isa = XCConfigurationList;
			buildConfigurations = (
				020F4F9A1E7AD938007D723B /* Debug */,
				020F4F9B1E7AD938007D723B /* Release */,
			);
			defaultConfigurationIsVisible = 0;
			defaultConfigurationName = Release;
		};
		020F4F9C1E7AD938007D723B /* Build configuration list for PBXNativeTarget "tvOS" */ = {
			isa = XCConfigurationList;
			buildConfigurations = (
				020F4F9D1E7AD938007D723B /* Debug */,
				020F4F9E1E7AD938007D723B /* Release */,
			);
			defaultConfigurationIsVisible = 0;
			defaultConfigurationName = Release;
		};
		020F4F9F1E7AD938007D723B /* Build configuration list for PBXNativeTarget "macOS" */ = {
			isa = XCConfigurationList;
			buildConfigurations = (
				020F4FA01E7AD938007D723B /* Debug */,
				020F4FA11E7AD938007D723B /* Release */,
			);
			defaultConfigurationIsVisible = 0;
			defaultConfigurationName = Release;
		};
/* End XCConfigurationList section */
	};
	rootObject = 020F4F541E7AD938007D723B /* Project object */;
}
